// !$*UTF8*$!
{
	archiveVersion = 1;
	classes = {
	};
	objectVersion = 55;
	objects = {

/* Begin PBXBuildFile section */
		4311B4A428B92877000DF42A /* Constants+Enum.swift in Sources */ = {isa = PBXBuildFile; fileRef = 4311B4A328B92877000DF42A /* Constants+Enum.swift */; };
		4311B4AF28B9579B000DF42A /* StoreViewModel.swift in Sources */ = {isa = PBXBuildFile; fileRef = 4311B4AE28B9579B000DF42A /* StoreViewModel.swift */; };
		4311B4B128B95C5F000DF42A /* NewTargetView.swift in Sources */ = {isa = PBXBuildFile; fileRef = 4311B4B028B95C5F000DF42A /* NewTargetView.swift */; };
		4311B4B428B95CB4000DF42A /* AnyFormatKitSwiftUI in Frameworks */ = {isa = PBXBuildFile; productRef = 4311B4B328B95CB4000DF42A /* AnyFormatKitSwiftUI */; };
		4311B4BF28B9674D000DF42A /* TargetDetailView.swift in Sources */ = {isa = PBXBuildFile; fileRef = 4311B4BE28B9674D000DF42A /* TargetDetailView.swift */; };
		433FBCDA2967393200F6870F /* Localizable.strings in Resources */ = {isa = PBXBuildFile; fileRef = 433FBCDC2967393200F6870F /* Localizable.strings */; };
		4344035628BE45D600035E97 /* Lottie in Frameworks */ = {isa = PBXBuildFile; productRef = 4344035528BE45D600035E97 /* Lottie */; };
		4344035828BE55A600035E97 /* TargetRow.swift in Sources */ = {isa = PBXBuildFile; fileRef = 4344035728BE55A600035E97 /* TargetRow.swift */; };
		43549E3628BCFA43006481DD /* ArchiveTargetsView.swift in Sources */ = {isa = PBXBuildFile; fileRef = 43549E3528BCFA43006481DD /* ArchiveTargetsView.swift */; };
		43971BBE28B924DF00B1E692 /* TargetApp.swift in Sources */ = {isa = PBXBuildFile; fileRef = 43971BBD28B924DF00B1E692 /* TargetApp.swift */; };
		43971BC028B924DF00B1E692 /* ContentView.swift in Sources */ = {isa = PBXBuildFile; fileRef = 43971BBF28B924DF00B1E692 /* ContentView.swift */; };
		43971BC228B924E000B1E692 /* Assets.xcassets in Resources */ = {isa = PBXBuildFile; fileRef = 43971BC128B924E000B1E692 /* Assets.xcassets */; };
		43971BC528B924E000B1E692 /* Preview Assets.xcassets in Resources */ = {isa = PBXBuildFile; fileRef = 43971BC428B924E000B1E692 /* Preview Assets.xcassets */; };
		43971BCF28B9259400B1E692 /* Persistence.swift in Sources */ = {isa = PBXBuildFile; fileRef = 43971BCC28B9259400B1E692 /* Persistence.swift */; };
		43971BD028B9259400B1E692 /* Target_app.xcdatamodeld in Sources */ = {isa = PBXBuildFile; fileRef = 43971BCD28B9259400B1E692 /* Target_app.xcdatamodeld */; };
		43971BD328B925F800B1E692 /* Target+CoreDataClass.swift in Sources */ = {isa = PBXBuildFile; fileRef = 43971BD128B925F800B1E692 /* Target+CoreDataClass.swift */; };
		43971BD428B925F800B1E692 /* Target+CoreDataProperties.swift in Sources */ = {isa = PBXBuildFile; fileRef = 43971BD228B925F800B1E692 /* Target+CoreDataProperties.swift */; };
		43A68FAC28BAB3F000B0A7C7 /* TargetEditView.swift in Sources */ = {isa = PBXBuildFile; fileRef = 43A68FAB28BAB3F000B0A7C7 /* TargetEditView.swift */; };
		43A68FAE28BAB9AD00B0A7C7 /* TargetFinishView.swift in Sources */ = {isa = PBXBuildFile; fileRef = 43A68FAD28BAB9AD00B0A7C7 /* TargetFinishView.swift */; };
		43AACC9128C01BBE0079DA90 /* NotificationHandler.swift in Sources */ = {isa = PBXBuildFile; fileRef = 43AACC9028C01BBE0079DA90 /* NotificationHandler.swift */; };
		43D8799B28BAC77900CDE106 /* TargetActionView.swift in Sources */ = {isa = PBXBuildFile; fileRef = 43D8799A28BAC77800CDE106 /* TargetActionView.swift */; };
		43F3B3C529674119009DE74C /* InterstitialAd.swift in Sources */ = {isa = PBXBuildFile; fileRef = 43F3B3C429674119009DE74C /* InterstitialAd.swift */; };
		96D80BE9C4FA90941AF06BD0 /* Pods_Target.framework in Frameworks */ = {isa = PBXBuildFile; fileRef = 43D7E0228D001EA3E775BBF3 /* Pods_Target.framework */; };
/* End PBXBuildFile section */

/* Begin PBXFileReference section */
		4311B4A328B92877000DF42A /* Constants+Enum.swift */ = {isa = PBXFileReference; fileEncoding = 4; lastKnownFileType = sourcecode.swift; path = "Constants+Enum.swift"; sourceTree = "<group>"; };
		4311B4AE28B9579B000DF42A /* StoreViewModel.swift */ = {isa = PBXFileReference; lastKnownFileType = sourcecode.swift; path = StoreViewModel.swift; sourceTree = "<group>"; };
		4311B4B028B95C5F000DF42A /* NewTargetView.swift */ = {isa = PBXFileReference; fileEncoding = 4; lastKnownFileType = sourcecode.swift; path = NewTargetView.swift; sourceTree = "<group>"; };
		4311B4BE28B9674D000DF42A /* TargetDetailView.swift */ = {isa = PBXFileReference; lastKnownFileType = sourcecode.swift; path = TargetDetailView.swift; sourceTree = "<group>"; };
		433FBCDB2967393200F6870F /* en */ = {isa = PBXFileReference; lastKnownFileType = text.plist.strings; name = en; path = en.lproj/Localizable.strings; sourceTree = "<group>"; };
		433FBCDD2967395100F6870F /* ru */ = {isa = PBXFileReference; lastKnownFileType = text.plist.strings; name = ru; path = ru.lproj/Localizable.strings; sourceTree = "<group>"; };
		4340A99328C798CC003A784F /* Configuration.storekit */ = {isa = PBXFileReference; lastKnownFileType = text; path = Configuration.storekit; sourceTree = "<group>"; };
		4344035728BE55A600035E97 /* TargetRow.swift */ = {isa = PBXFileReference; lastKnownFileType = sourcecode.swift; path = TargetRow.swift; sourceTree = "<group>"; };
		43549E3528BCFA43006481DD /* ArchiveTargetsView.swift */ = {isa = PBXFileReference; lastKnownFileType = sourcecode.swift; path = ArchiveTargetsView.swift; sourceTree = "<group>"; };
		43971BBA28B924DF00B1E692 /* Target.app */ = {isa = PBXFileReference; explicitFileType = wrapper.application; includeInIndex = 0; path = Target.app; sourceTree = BUILT_PRODUCTS_DIR; };
		43971BBD28B924DF00B1E692 /* TargetApp.swift */ = {isa = PBXFileReference; lastKnownFileType = sourcecode.swift; path = TargetApp.swift; sourceTree = "<group>"; };
		43971BBF28B924DF00B1E692 /* ContentView.swift */ = {isa = PBXFileReference; lastKnownFileType = sourcecode.swift; path = ContentView.swift; sourceTree = "<group>"; };
		43971BC128B924E000B1E692 /* Assets.xcassets */ = {isa = PBXFileReference; lastKnownFileType = folder.assetcatalog; path = Assets.xcassets; sourceTree = "<group>"; };
		43971BC428B924E000B1E692 /* Preview Assets.xcassets */ = {isa = PBXFileReference; lastKnownFileType = folder.assetcatalog; path = "Preview Assets.xcassets"; sourceTree = "<group>"; };
		43971BCC28B9259400B1E692 /* Persistence.swift */ = {isa = PBXFileReference; fileEncoding = 4; lastKnownFileType = sourcecode.swift; path = Persistence.swift; sourceTree = "<group>"; };
		43971BCE28B9259400B1E692 /* Target_app.xcdatamodel */ = {isa = PBXFileReference; lastKnownFileType = wrapper.xcdatamodel; path = Target_app.xcdatamodel; sourceTree = "<group>"; };
		43971BD128B925F800B1E692 /* Target+CoreDataClass.swift */ = {isa = PBXFileReference; lastKnownFileType = sourcecode.swift; path = "Target+CoreDataClass.swift"; sourceTree = SOURCE_ROOT; };
		43971BD228B925F800B1E692 /* Target+CoreDataProperties.swift */ = {isa = PBXFileReference; lastKnownFileType = sourcecode.swift; path = "Target+CoreDataProperties.swift"; sourceTree = SOURCE_ROOT; };
		43A68FAB28BAB3F000B0A7C7 /* TargetEditView.swift */ = {isa = PBXFileReference; lastKnownFileType = sourcecode.swift; path = TargetEditView.swift; sourceTree = "<group>"; };
		43A68FAD28BAB9AD00B0A7C7 /* TargetFinishView.swift */ = {isa = PBXFileReference; lastKnownFileType = sourcecode.swift; path = TargetFinishView.swift; sourceTree = "<group>"; };
		43AACC9028C01BBE0079DA90 /* NotificationHandler.swift */ = {isa = PBXFileReference; fileEncoding = 4; lastKnownFileType = sourcecode.swift; path = NotificationHandler.swift; sourceTree = "<group>"; };
		43D7E0228D001EA3E775BBF3 /* Pods_Target.framework */ = {isa = PBXFileReference; explicitFileType = wrapper.framework; includeInIndex = 0; path = Pods_Target.framework; sourceTree = BUILT_PRODUCTS_DIR; };
		43D8799A28BAC77800CDE106 /* TargetActionView.swift */ = {isa = PBXFileReference; lastKnownFileType = sourcecode.swift; path = TargetActionView.swift; sourceTree = "<group>"; };
		43F3B3C429674119009DE74C /* InterstitialAd.swift */ = {isa = PBXFileReference; lastKnownFileType = sourcecode.swift; path = InterstitialAd.swift; sourceTree = "<group>"; };
		655235183A666C732A320340 /* Pods-Target.debug.xcconfig */ = {isa = PBXFileReference; includeInIndex = 1; lastKnownFileType = text.xcconfig; name = "Pods-Target.debug.xcconfig"; path = "Target Support Files/Pods-Target/Pods-Target.debug.xcconfig"; sourceTree = "<group>"; };
		DAC41AB7DFFCE32B1C0C41C7 /* Pods-Target.release.xcconfig */ = {isa = PBXFileReference; includeInIndex = 1; lastKnownFileType = text.xcconfig; name = "Pods-Target.release.xcconfig"; path = "Target Support Files/Pods-Target/Pods-Target.release.xcconfig"; sourceTree = "<group>"; };
/* End PBXFileReference section */

/* Begin PBXFrameworksBuildPhase section */
		43971BB728B924DF00B1E692 /* Frameworks */ = {
			isa = PBXFrameworksBuildPhase;
			buildActionMask = 2147483647;
			files = (
				4311B4B428B95CB4000DF42A /* AnyFormatKitSwiftUI in Frameworks */,
				4344035628BE45D600035E97 /* Lottie in Frameworks */,
				96D80BE9C4FA90941AF06BD0 /* Pods_Target.framework in Frameworks */,
			);
			runOnlyForDeploymentPostprocessing = 0;
		};
/* End PBXFrameworksBuildPhase section */

/* Begin PBXGroup section */
		0C9A71AED2D29E674026CCB7 /* Frameworks */ = {
			isa = PBXGroup;
			children = (
				43D7E0228D001EA3E775BBF3 /* Pods_Target.framework */,
			);
			name = Frameworks;
			sourceTree = "<group>";
		};
		43971BB128B924DF00B1E692 = {
			isa = PBXGroup;
			children = (
				43971BBC28B924DF00B1E692 /* Target */,
				43971BBB28B924DF00B1E692 /* Products */,
				DB2D1C4E18EC1DB38B8E2763 /* Pods */,
				0C9A71AED2D29E674026CCB7 /* Frameworks */,
			);
			sourceTree = "<group>";
		};
		43971BBB28B924DF00B1E692 /* Products */ = {
			isa = PBXGroup;
			children = (
				43971BBA28B924DF00B1E692 /* Target.app */,
			);
			name = Products;
			sourceTree = "<group>";
		};
		43971BBC28B924DF00B1E692 /* Target */ = {
			isa = PBXGroup;
			children = (
				43971BBD28B924DF00B1E692 /* TargetApp.swift */,
				43971BBF28B924DF00B1E692 /* ContentView.swift */,
				4344035728BE55A600035E97 /* TargetRow.swift */,
				4311B4B028B95C5F000DF42A /* NewTargetView.swift */,
				4311B4BE28B9674D000DF42A /* TargetDetailView.swift */,
				43A68FAB28BAB3F000B0A7C7 /* TargetEditView.swift */,
				43A68FAD28BAB9AD00B0A7C7 /* TargetFinishView.swift */,
				43D8799A28BAC77800CDE106 /* TargetActionView.swift */,
				43549E3528BCFA43006481DD /* ArchiveTargetsView.swift */,
				43F3B3C329674100009DE74C /* View Model */,
				43F3B3C2296740F2009DE74C /* Helpers */,
				43971BCB28B9259400B1E692 /* Core Data */,
				433FBCDC2967393200F6870F /* Localizable.strings */,
				43971BC128B924E000B1E692 /* Assets.xcassets */,
				4340A99328C798CC003A784F /* Configuration.storekit */,
				43971BC328B924E000B1E692 /* Preview Content */,
			);
			path = Target;
			sourceTree = "<group>";
		};
		43971BC328B924E000B1E692 /* Preview Content */ = {
			isa = PBXGroup;
			children = (
				43971BC428B924E000B1E692 /* Preview Assets.xcassets */,
			);
			path = "Preview Content";
			sourceTree = "<group>";
		};
		43971BCB28B9259400B1E692 /* Core Data */ = {
			isa = PBXGroup;
			children = (
				43971BD128B925F800B1E692 /* Target+CoreDataClass.swift */,
				43971BD228B925F800B1E692 /* Target+CoreDataProperties.swift */,
				43971BCC28B9259400B1E692 /* Persistence.swift */,
				43971BCD28B9259400B1E692 /* Target_app.xcdatamodeld */,
			);
			path = "Core Data";
			sourceTree = "<group>";
		};
		43F3B3C2296740F2009DE74C /* Helpers */ = {
			isa = PBXGroup;
			children = (
				4311B4A328B92877000DF42A /* Constants+Enum.swift */,
				43AACC9028C01BBE0079DA90 /* NotificationHandler.swift */,
				43F3B3C429674119009DE74C /* InterstitialAd.swift */,
			);
			path = Helpers;
			sourceTree = "<group>";
		};
		43F3B3C329674100009DE74C /* View Model */ = {
			isa = PBXGroup;
			children = (
				4311B4AE28B9579B000DF42A /* StoreViewModel.swift */,
			);
			path = "View Model";
			sourceTree = "<group>";
		};
		DB2D1C4E18EC1DB38B8E2763 /* Pods */ = {
			isa = PBXGroup;
			children = (
				655235183A666C732A320340 /* Pods-Target.debug.xcconfig */,
				DAC41AB7DFFCE32B1C0C41C7 /* Pods-Target.release.xcconfig */,
			);
			path = Pods;
			sourceTree = "<group>";
		};
/* End PBXGroup section */

/* Begin PBXNativeTarget section */
		43971BB928B924DF00B1E692 /* Target */ = {
			isa = PBXNativeTarget;
			buildConfigurationList = 43971BC828B924E000B1E692 /* Build configuration list for PBXNativeTarget "Target" */;
			buildPhases = (
				FAF8CC6366B053EE28E77A30 /* [CP] Check Pods Manifest.lock */,
				43971BB628B924DF00B1E692 /* Sources */,
				43971BB728B924DF00B1E692 /* Frameworks */,
				43971BB828B924DF00B1E692 /* Resources */,
				22746ADB5B9151883CA80C32 /* [CP] Embed Pods Frameworks */,
				CC92571C980764ABB55E1AAA /* [CP] Copy Pods Resources */,
			);
			buildRules = (
			);
			dependencies = (
			);
			name = Target;
			packageProductDependencies = (
				4311B4B328B95CB4000DF42A /* AnyFormatKitSwiftUI */,
				4344035528BE45D600035E97 /* Lottie */,
			);
			productName = Target;
			productReference = 43971BBA28B924DF00B1E692 /* Target.app */;
			productType = "com.apple.product-type.application";
		};
/* End PBXNativeTarget section */

/* Begin PBXProject section */
		43971BB228B924DF00B1E692 /* Project object */ = {
			isa = PBXProject;
			attributes = {
				BuildIndependentTargetsInParallel = 1;
				LastSwiftUpdateCheck = 1340;
				LastUpgradeCheck = 1340;
				TargetAttributes = {
					43971BB928B924DF00B1E692 = {
						CreatedOnToolsVersion = 13.4.1;
					};
				};
			};
			buildConfigurationList = 43971BB528B924DF00B1E692 /* Build configuration list for PBXProject "Target" */;
			compatibilityVersion = "Xcode 13.0";
			developmentRegion = en;
			hasScannedForEncodings = 0;
			knownRegions = (
				en,
				Base,
				ru,
			);
			mainGroup = 43971BB128B924DF00B1E692;
			packageReferences = (
				4311B4B228B95CB4000DF42A /* XCRemoteSwiftPackageReference "AnyFormatKitSwiftUI" */,
				4344035428BE45D600035E97 /* XCRemoteSwiftPackageReference "lottie-ios" */,
			);
			productRefGroup = 43971BBB28B924DF00B1E692 /* Products */;
			projectDirPath = "";
			projectRoot = "";
			targets = (
				43971BB928B924DF00B1E692 /* Target */,
			);
		};
/* End PBXProject section */

/* Begin PBXResourcesBuildPhase section */
		43971BB828B924DF00B1E692 /* Resources */ = {
			isa = PBXResourcesBuildPhase;
			buildActionMask = 2147483647;
			files = (
				43971BC528B924E000B1E692 /* Preview Assets.xcassets in Resources */,
				433FBCDA2967393200F6870F /* Localizable.strings in Resources */,
				43971BC228B924E000B1E692 /* Assets.xcassets in Resources */,
			);
			runOnlyForDeploymentPostprocessing = 0;
		};
/* End PBXResourcesBuildPhase section */

/* Begin PBXShellScriptBuildPhase section */
		22746ADB5B9151883CA80C32 /* [CP] Embed Pods Frameworks */ = {
			isa = PBXShellScriptBuildPhase;
			buildActionMask = 2147483647;
			files = (
			);
			inputFileListPaths = (
				"${PODS_ROOT}/Target Support Files/Pods-Target/Pods-Target-frameworks-${CONFIGURATION}-input-files.xcfilelist",
			);
			name = "[CP] Embed Pods Frameworks";
			outputFileListPaths = (
				"${PODS_ROOT}/Target Support Files/Pods-Target/Pods-Target-frameworks-${CONFIGURATION}-output-files.xcfilelist",
			);
			runOnlyForDeploymentPostprocessing = 0;
			shellPath = /bin/sh;
			shellScript = "\"${PODS_ROOT}/Target Support Files/Pods-Target/Pods-Target-frameworks.sh\"\n";
			showEnvVarsInLog = 0;
		};
		CC92571C980764ABB55E1AAA /* [CP] Copy Pods Resources */ = {
			isa = PBXShellScriptBuildPhase;
			buildActionMask = 2147483647;
			files = (
			);
			inputFileListPaths = (
				"${PODS_ROOT}/Target Support Files/Pods-Target/Pods-Target-resources-${CONFIGURATION}-input-files.xcfilelist",
			);
			name = "[CP] Copy Pods Resources";
			outputFileListPaths = (
				"${PODS_ROOT}/Target Support Files/Pods-Target/Pods-Target-resources-${CONFIGURATION}-output-files.xcfilelist",
			);
			runOnlyForDeploymentPostprocessing = 0;
			shellPath = /bin/sh;
			shellScript = "\"${PODS_ROOT}/Target Support Files/Pods-Target/Pods-Target-resources.sh\"\n";
			showEnvVarsInLog = 0;
		};
		FAF8CC6366B053EE28E77A30 /* [CP] Check Pods Manifest.lock */ = {
			isa = PBXShellScriptBuildPhase;
			buildActionMask = 2147483647;
			files = (
			);
			inputFileListPaths = (
			);
			inputPaths = (
				"${PODS_PODFILE_DIR_PATH}/Podfile.lock",
				"${PODS_ROOT}/Manifest.lock",
			);
			name = "[CP] Check Pods Manifest.lock";
			outputFileListPaths = (
			);
			outputPaths = (
				"$(DERIVED_FILE_DIR)/Pods-Target-checkManifestLockResult.txt",
			);
			runOnlyForDeploymentPostprocessing = 0;
			shellPath = /bin/sh;
			shellScript = "diff \"${PODS_PODFILE_DIR_PATH}/Podfile.lock\" \"${PODS_ROOT}/Manifest.lock\" > /dev/null\nif [ $? != 0 ] ; then\n    # print error to STDERR\n    echo \"error: The sandbox is not in sync with the Podfile.lock. Run 'pod install' or update your CocoaPods installation.\" >&2\n    exit 1\nfi\n# This output is used by Xcode 'outputs' to avoid re-running this script phase.\necho \"SUCCESS\" > \"${SCRIPT_OUTPUT_FILE_0}\"\n";
			showEnvVarsInLog = 0;
		};
/* End PBXShellScriptBuildPhase section */

/* Begin PBXSourcesBuildPhase section */
		43971BB628B924DF00B1E692 /* Sources */ = {
			isa = PBXSourcesBuildPhase;
			buildActionMask = 2147483647;
			files = (
				43A68FAE28BAB9AD00B0A7C7 /* TargetFinishView.swift in Sources */,
				43971BCF28B9259400B1E692 /* Persistence.swift in Sources */,
				43D8799B28BAC77900CDE106 /* TargetActionView.swift in Sources */,
				43971BC028B924DF00B1E692 /* ContentView.swift in Sources */,
				43971BD328B925F800B1E692 /* Target+CoreDataClass.swift in Sources */,
				4311B4B128B95C5F000DF42A /* NewTargetView.swift in Sources */,
				43971BD028B9259400B1E692 /* Target_app.xcdatamodeld in Sources */,
				4311B4A428B92877000DF42A /* Constants+Enum.swift in Sources */,
				43A68FAC28BAB3F000B0A7C7 /* TargetEditView.swift in Sources */,
				43AACC9128C01BBE0079DA90 /* NotificationHandler.swift in Sources */,
				4311B4BF28B9674D000DF42A /* TargetDetailView.swift in Sources */,
				4344035828BE55A600035E97 /* TargetRow.swift in Sources */,
				43F3B3C529674119009DE74C /* InterstitialAd.swift in Sources */,
				43549E3628BCFA43006481DD /* ArchiveTargetsView.swift in Sources */,
				43971BD428B925F800B1E692 /* Target+CoreDataProperties.swift in Sources */,
				4311B4AF28B9579B000DF42A /* StoreViewModel.swift in Sources */,
				43971BBE28B924DF00B1E692 /* TargetApp.swift in Sources */,
			);
			runOnlyForDeploymentPostprocessing = 0;
		};
/* End PBXSourcesBuildPhase section */

/* Begin PBXVariantGroup section */
		433FBCDC2967393200F6870F /* Localizable.strings */ = {
			isa = PBXVariantGroup;
			children = (
				433FBCDB2967393200F6870F /* en */,
				433FBCDD2967395100F6870F /* ru */,
			);
			name = Localizable.strings;
			sourceTree = "<group>";
		};
/* End PBXVariantGroup section */

/* Begin XCBuildConfiguration section */
		43971BC628B924E000B1E692 /* Debug */ = {
			isa = XCBuildConfiguration;
			buildSettings = {
				ALWAYS_SEARCH_USER_PATHS = NO;
				CLANG_ANALYZER_LOCALIZABILITY_NONLOCALIZED = YES;
				CLANG_ANALYZER_NONNULL = YES;
				CLANG_ANALYZER_NUMBER_OBJECT_CONVERSION = YES_AGGRESSIVE;
				CLANG_CXX_LANGUAGE_STANDARD = "gnu++17";
				CLANG_ENABLE_MODULES = YES;
				CLANG_ENABLE_OBJC_ARC = YES;
				CLANG_ENABLE_OBJC_WEAK = YES;
				CLANG_WARN_BLOCK_CAPTURE_AUTORELEASING = YES;
				CLANG_WARN_BOOL_CONVERSION = YES;
				CLANG_WARN_COMMA = YES;
				CLANG_WARN_CONSTANT_CONVERSION = YES;
				CLANG_WARN_DEPRECATED_OBJC_IMPLEMENTATIONS = YES;
				CLANG_WARN_DIRECT_OBJC_ISA_USAGE = YES_ERROR;
				CLANG_WARN_DOCUMENTATION_COMMENTS = YES;
				CLANG_WARN_EMPTY_BODY = YES;
				CLANG_WARN_ENUM_CONVERSION = YES;
				CLANG_WARN_INFINITE_RECURSION = YES;
				CLANG_WARN_INT_CONVERSION = YES;
				CLANG_WARN_NON_LITERAL_NULL_CONVERSION = YES;
				CLANG_WARN_OBJC_IMPLICIT_RETAIN_SELF = YES;
				CLANG_WARN_OBJC_LITERAL_CONVERSION = YES;
				CLANG_WARN_OBJC_ROOT_CLASS = YES_ERROR;
				CLANG_WARN_QUOTED_INCLUDE_IN_FRAMEWORK_HEADER = YES;
				CLANG_WARN_RANGE_LOOP_ANALYSIS = YES;
				CLANG_WARN_STRICT_PROTOTYPES = YES;
				CLANG_WARN_SUSPICIOUS_MOVE = YES;
				CLANG_WARN_UNGUARDED_AVAILABILITY = YES_AGGRESSIVE;
				CLANG_WARN_UNREACHABLE_CODE = YES;
				CLANG_WARN__DUPLICATE_METHOD_MATCH = YES;
				COPY_PHASE_STRIP = NO;
				DEBUG_INFORMATION_FORMAT = dwarf;
				ENABLE_STRICT_OBJC_MSGSEND = YES;
				ENABLE_TESTABILITY = YES;
				GCC_C_LANGUAGE_STANDARD = gnu11;
				GCC_DYNAMIC_NO_PIC = NO;
				GCC_NO_COMMON_BLOCKS = YES;
				GCC_OPTIMIZATION_LEVEL = 0;
				GCC_PREPROCESSOR_DEFINITIONS = (
					"DEBUG=1",
					"$(inherited)",
				);
				GCC_WARN_64_TO_32_BIT_CONVERSION = YES;
				GCC_WARN_ABOUT_RETURN_TYPE = YES_ERROR;
				GCC_WARN_UNDECLARED_SELECTOR = YES;
				GCC_WARN_UNINITIALIZED_AUTOS = YES_AGGRESSIVE;
				GCC_WARN_UNUSED_FUNCTION = YES;
				GCC_WARN_UNUSED_VARIABLE = YES;
				IPHONEOS_DEPLOYMENT_TARGET = 15.0;
				MTL_ENABLE_DEBUG_INFO = INCLUDE_SOURCE;
				MTL_FAST_MATH = YES;
				ONLY_ACTIVE_ARCH = YES;
				SDKROOT = iphoneos;
				SWIFT_ACTIVE_COMPILATION_CONDITIONS = DEBUG;
				SWIFT_ENFORCE_EXCLUSIVE_ACCESS = on;
				SWIFT_OPTIMIZATION_LEVEL = "-Onone";
			};
			name = Debug;
		};
		43971BC728B924E000B1E692 /* Release */ = {
			isa = XCBuildConfiguration;
			buildSettings = {
				ALWAYS_SEARCH_USER_PATHS = NO;
				CLANG_ANALYZER_LOCALIZABILITY_NONLOCALIZED = YES;
				CLANG_ANALYZER_NONNULL = YES;
				CLANG_ANALYZER_NUMBER_OBJECT_CONVERSION = YES_AGGRESSIVE;
				CLANG_CXX_LANGUAGE_STANDARD = "gnu++17";
				CLANG_ENABLE_MODULES = YES;
				CLANG_ENABLE_OBJC_ARC = YES;
				CLANG_ENABLE_OBJC_WEAK = YES;
				CLANG_WARN_BLOCK_CAPTURE_AUTORELEASING = YES;
				CLANG_WARN_BOOL_CONVERSION = YES;
				CLANG_WARN_COMMA = YES;
				CLANG_WARN_CONSTANT_CONVERSION = YES;
				CLANG_WARN_DEPRECATED_OBJC_IMPLEMENTATIONS = YES;
				CLANG_WARN_DIRECT_OBJC_ISA_USAGE = YES_ERROR;
				CLANG_WARN_DOCUMENTATION_COMMENTS = YES;
				CLANG_WARN_EMPTY_BODY = YES;
				CLANG_WARN_ENUM_CONVERSION = YES;
				CLANG_WARN_INFINITE_RECURSION = YES;
				CLANG_WARN_INT_CONVERSION = YES;
				CLANG_WARN_NON_LITERAL_NULL_CONVERSION = YES;
				CLANG_WARN_OBJC_IMPLICIT_RETAIN_SELF = YES;
				CLANG_WARN_OBJC_LITERAL_CONVERSION = YES;
				CLANG_WARN_OBJC_ROOT_CLASS = YES_ERROR;
				CLANG_WARN_QUOTED_INCLUDE_IN_FRAMEWORK_HEADER = YES;
				CLANG_WARN_RANGE_LOOP_ANALYSIS = YES;
				CLANG_WARN_STRICT_PROTOTYPES = YES;
				CLANG_WARN_SUSPICIOUS_MOVE = YES;
				CLANG_WARN_UNGUARDED_AVAILABILITY = YES_AGGRESSIVE;
				CLANG_WARN_UNREACHABLE_CODE = YES;
				CLANG_WARN__DUPLICATE_METHOD_MATCH = YES;
				COPY_PHASE_STRIP = NO;
				DEBUG_INFORMATION_FORMAT = "dwarf-with-dsym";
				ENABLE_NS_ASSERTIONS = NO;
				ENABLE_STRICT_OBJC_MSGSEND = YES;
				GCC_C_LANGUAGE_STANDARD = gnu11;
				GCC_NO_COMMON_BLOCKS = YES;
				GCC_WARN_64_TO_32_BIT_CONVERSION = YES;
				GCC_WARN_ABOUT_RETURN_TYPE = YES_ERROR;
				GCC_WARN_UNDECLARED_SELECTOR = YES;
				GCC_WARN_UNINITIALIZED_AUTOS = YES_AGGRESSIVE;
				GCC_WARN_UNUSED_FUNCTION = YES;
				GCC_WARN_UNUSED_VARIABLE = YES;
				IPHONEOS_DEPLOYMENT_TARGET = 15.0;
				MTL_ENABLE_DEBUG_INFO = NO;
				MTL_FAST_MATH = YES;
				SDKROOT = iphoneos;
				SWIFT_COMPILATION_MODE = wholemodule;
				SWIFT_ENFORCE_EXCLUSIVE_ACCESS = on;
				SWIFT_OPTIMIZATION_LEVEL = "-O";
				VALIDATE_PRODUCT = YES;
			};
			name = Release;
		};
		43971BC928B924E000B1E692 /* Debug */ = {
			isa = XCBuildConfiguration;
			baseConfigurationReference = 655235183A666C732A320340 /* Pods-Target.debug.xcconfig */;
			buildSettings = {
				ASSETCATALOG_COMPILER_APPICON_NAME = AppIcon;
				ASSETCATALOG_COMPILER_GLOBAL_ACCENT_COLOR_NAME = AccentColor;
				ASSETCATALOG_COMPILER_INCLUDE_ALL_APPICON_ASSETS = YES;
				CODE_SIGN_STYLE = Automatic;
				CURRENT_PROJECT_VERSION = 1;
				DEVELOPMENT_ASSET_PATHS = "\"Target/Preview Content\"";
				DEVELOPMENT_TEAM = CQ3SGH4DSY;
				ENABLE_PREVIEWS = YES;
				GENERATE_INFOPLIST_FILE = YES;
				INFOPLIST_KEY_UIApplicationSceneManifest_Generation = YES;
				INFOPLIST_KEY_UIApplicationSupportsIndirectInputEvents = YES;
				INFOPLIST_KEY_UILaunchScreen_Generation = YES;
				INFOPLIST_KEY_UISupportedInterfaceOrientations = UIInterfaceOrientationPortraitUpsideDown;
				INFOPLIST_KEY_UISupportedInterfaceOrientations_iPad = "UIInterfaceOrientationPortrait UIInterfaceOrientationPortraitUpsideDown UIInterfaceOrientationLandscapeLeft UIInterfaceOrientationLandscapeRight";
				INFOPLIST_KEY_UISupportedInterfaceOrientations_iPhone = UIInterfaceOrientationPortrait;
				IPHONEOS_DEPLOYMENT_TARGET = 15.0;
				LD_RUNPATH_SEARCH_PATHS = (
					"$(inherited)",
					"@executable_path/Frameworks",
				);
				MARKETING_VERSION = 1.0.4;
				PRODUCT_BUNDLE_IDENTIFIER = VN.Target;
				PRODUCT_NAME = Target;
				SWIFT_EMIT_LOC_STRINGS = YES;
				SWIFT_VERSION = 5.0;
				TARGETED_DEVICE_FAMILY = "1,2";
			};
			name = Debug;
		};
		43971BCA28B924E000B1E692 /* Release */ = {
			isa = XCBuildConfiguration;
			baseConfigurationReference = DAC41AB7DFFCE32B1C0C41C7 /* Pods-Target.release.xcconfig */;
			buildSettings = {
				ASSETCATALOG_COMPILER_APPICON_NAME = AppIcon;
				ASSETCATALOG_COMPILER_GLOBAL_ACCENT_COLOR_NAME = AccentColor;
				ASSETCATALOG_COMPILER_INCLUDE_ALL_APPICON_ASSETS = YES;
				CODE_SIGN_STYLE = Automatic;
				CURRENT_PROJECT_VERSION = 1;
				DEVELOPMENT_ASSET_PATHS = "\"Target/Preview Content\"";
				DEVELOPMENT_TEAM = CQ3SGH4DSY;
				ENABLE_PREVIEWS = YES;
				GENERATE_INFOPLIST_FILE = YES;
				INFOPLIST_KEY_UIApplicationSceneManifest_Generation = YES;
				INFOPLIST_KEY_UIApplicationSupportsIndirectInputEvents = YES;
				INFOPLIST_KEY_UILaunchScreen_Generation = YES;
				INFOPLIST_KEY_UISupportedInterfaceOrientations = UIInterfaceOrientationPortraitUpsideDown;
				INFOPLIST_KEY_UISupportedInterfaceOrientations_iPad = "UIInterfaceOrientationPortrait UIInterfaceOrientationPortraitUpsideDown UIInterfaceOrientationLandscapeLeft UIInterfaceOrientationLandscapeRight";
				INFOPLIST_KEY_UISupportedInterfaceOrientations_iPhone = UIInterfaceOrientationPortrait;
				IPHONEOS_DEPLOYMENT_TARGET = 15.0;
				LD_RUNPATH_SEARCH_PATHS = (
					"$(inherited)",
					"@executable_path/Frameworks",
				);
				MARKETING_VERSION = 1.0.4;
				PRODUCT_BUNDLE_IDENTIFIER = VN.Target;
				PRODUCT_NAME = Target;
				SWIFT_EMIT_LOC_STRINGS = YES;
				SWIFT_VERSION = 5.0;
				TARGETED_DEVICE_FAMILY = "1,2";
			};
			name = Release;
		};
/* End XCBuildConfiguration section */

/* Begin XCConfigurationList section */
		43971BB528B924DF00B1E692 /* Build configuration list for PBXProject "Target" */ = {
			isa = XCConfigurationList;
			buildConfigurations = (
				43971BC628B924E000B1E692 /* Debug */,
				43971BC728B924E000B1E692 /* Release */,
			);
			defaultConfigurationIsVisible = 0;
			defaultConfigurationName = Release;
		};
		43971BC828B924E000B1E692 /* Build configuration list for PBXNativeTarget "Target" */ = {
			isa = XCConfigurationList;
			buildConfigurations = (
				43971BC928B924E000B1E692 /* Debug */,
				43971BCA28B924E000B1E692 /* Release */,
			);
			defaultConfigurationIsVisible = 0;
			defaultConfigurationName = Release;
		};
/* End XCConfigurationList section */

/* Begin XCRemoteSwiftPackageReference section */
		4311B4B228B95CB4000DF42A /* XCRemoteSwiftPackageReference "AnyFormatKitSwiftUI" */ = {
			isa = XCRemoteSwiftPackageReference;
			repositoryURL = "https://github.com/luximetr/AnyFormatKitSwiftUI";
			requirement = {
				branch = main;
				kind = branch;
			};
		};
		4344035428BE45D600035E97 /* XCRemoteSwiftPackageReference "lottie-ios" */ = {
			isa = XCRemoteSwiftPackageReference;
			repositoryURL = "https://github.com/airbnb/lottie-ios";
			requirement = {
				branch = master;
				kind = branch;
			};
		};
/* End XCRemoteSwiftPackageReference section */

/* Begin XCSwiftPackageProductDependency section */
		4311B4B328B95CB4000DF42A /* AnyFormatKitSwiftUI */ = {
			isa = XCSwiftPackageProductDependency;
			package = 4311B4B228B95CB4000DF42A /* XCRemoteSwiftPackageReference "AnyFormatKitSwiftUI" */;
			productName = AnyFormatKitSwiftUI;
		};
		4344035528BE45D600035E97 /* Lottie */ = {
			isa = XCSwiftPackageProductDependency;
			package = 4344035428BE45D600035E97 /* XCRemoteSwiftPackageReference "lottie-ios" */;
			productName = Lottie;
		};
/* End XCSwiftPackageProductDependency section */

/* Begin XCVersionGroup section */
		43971BCD28B9259400B1E692 /* Target_app.xcdatamodeld */ = {
			isa = XCVersionGroup;
			children = (
				43971BCE28B9259400B1E692 /* Target_app.xcdatamodel */,
			);
			currentVersion = 43971BCE28B9259400B1E692 /* Target_app.xcdatamodel */;
			path = Target_app.xcdatamodeld;
			sourceTree = "<group>";
			versionGroupType = wrapper.xcdatamodel;
		};
/* End XCVersionGroup section */
	};
	rootObject = 43971BB228B924DF00B1E692 /* Project object */;
}
